
Microsoft Visual Studio Solution File, Format Version 12.00
# Visual Studio Version 17
VisualStudioVersion = 17.5.2.0
MinimumVisualStudioVersion = 10.0.40219.1
Project("{FAE04EC0-301F-11D3-BF4B-00C04F79EFBC}") = "SponsorPulse", "SponsorPulse\SponsorPulse.csproj", "{40E6A542-463D-FCE2-7E73-307EC5F7212E}"
EndProject
Project("{2150E333-8FDC-42A3-9474-1A3956D46DE8}") = "SponsorPulse.Functions", "SponsorPulse.Functions", "{ABE697B5-43DE-49E4-0225-1FFBC88A2A65}"
EndProject
Project("{FAE04EC0-301F-11D3-BF4B-00C04F79EFBC}") = "SponsorPulse_Functions", "SponsorPulse.Functions\SponsorPulse_Functions.csproj", "{AFB60AF1-2896-463F-9101-8F2BDD233795}"
EndProject
Global
	GlobalSection(SolutionConfigurationPlatforms) = preSolution
		Debug|Any CPU = Debug|Any CPU
		Debug|x64 = Debug|x64
		Debug|x86 = Debug|x86
		Release|Any CPU = Release|Any CPU
		Release|x64 = Release|x64
		Release|x86 = Release|x86
	EndGlobalSection
	GlobalSection(ProjectConfigurationPlatforms) = postSolution
		{40E6A542-463D-FCE2-7E73-307EC5F7212E}.Debug|Any CPU.ActiveCfg = Debug|Any CPU
		{40E6A542-463D-FCE2-7E73-307EC5F7212E}.Debug|Any CPU.Build.0 = Debug|Any CPU
		{40E6A542-463D-FCE2-7E73-307EC5F7212E}.Debug|x64.ActiveCfg = Debug|Any CPU
		{40E6A542-463D-FCE2-7E73-307EC5F7212E}.Debug|x64.Build.0 = Debug|Any CPU
		{40E6A542-463D-FCE2-7E73-307EC5F7212E}.Debug|x86.ActiveCfg = Debug|Any CPU
		{40E6A542-463D-FCE2-7E73-307EC5F7212E}.Debug|x86.Build.0 = Debug|Any CPU
		{40E6A542-463D-FCE2-7E73-307EC5F7212E}.Release|Any CPU.ActiveCfg = Release|Any CPU
		{40E6A542-463D-FCE2-7E73-307EC5F7212E}.Release|Any CPU.Build.0 = Release|Any CPU
		{40E6A542-463D-FCE2-7E73-307EC5F7212E}.Release|x64.ActiveCfg = Release|Any CPU
		{40E6A542-463D-FCE2-7E73-307EC5F7212E}.Release|x64.Build.0 = Release|Any CPU
		{40E6A542-463D-FCE2-7E73-307EC5F7212E}.Release|x86.ActiveCfg = Release|Any CPU
		{40E6A542-463D-FCE2-7E73-307EC5F7212E}.Release|x86.Build.0 = Release|Any CPU
		{AFB60AF1-2896-463F-9101-8F2BDD233795}.Debug|Any CPU.ActiveCfg = Debug|Any CPU
		{AFB60AF1-2896-463F-9101-8F2BDD233795}.Debug|Any CPU.Build.0 = Debug|Any CPU
		{AFB60AF1-2896-463F-9101-8F2BDD233795}.Debug|x64.ActiveCfg = Debug|Any CPU
		{AFB60AF1-2896-463F-9101-8F2BDD233795}.Debug|x64.Build.0 = Debug|Any CPU
		{AFB60AF1-2896-463F-9101-8F2BDD233795}.Debug|x86.ActiveCfg = Debug|Any CPU
		{AFB60AF1-2896-463F-9101-8F2BDD233795}.Debug|x86.Build.0 = Debug|Any CPU
		{AFB60AF1-2896-463F-9101-8F2BDD233795}.Release|Any CPU.ActiveCfg = Release|Any CPU
		{AFB60AF1-2896-463F-9101-8F2BDD233795}.Release|Any CPU.Build.0 = Release|Any CPU
		{AFB60AF1-2896-463F-9101-8F2BDD233795}.Release|x64.ActiveCfg = Release|Any CPU
		{AFB60AF1-2896-463F-9101-8F2BDD233795}.Release|x64.Build.0 = Release|Any CPU
		{AFB60AF1-2896-463F-9101-8F2BDD233795}.Release|x86.ActiveCfg = Release|Any CPU
		{AFB60AF1-2896-463F-9101-8F2BDD233795}.Release|x86.Build.0 = Release|Any CPU
	EndGlobalSection
	GlobalSection(SolutionProperties) = preSolution
		HideSolutionNode = FALSE
	EndGlobalSection
	GlobalSection(NestedProjects) = preSolution
		{AFB60AF1-2896-463F-9101-8F2BDD233795} = {ABE697B5-43DE-49E4-0225-1FFBC88A2A65}
	EndGlobalSection
	GlobalSection(ExtensibilityGlobals) = postSolution
		SolutionGuid = {9FAF6960-68DB-4867-A26A-7C91D9266C31}
	EndGlobalSection
EndGlobal
